
Microsoft Visual Studio Solution File, Format Version 12.00
# Visual Studio Version 17
VisualStudioVersion = 17.8.34525.116
MinimumVisualStudioVersion = 10.0.40219.1
Project("{9A19103F-16F7-4668-BE54-9A1E7A4F7556}") = "Task1", "SimpleTasks\Task1\Task1.csproj", "{19D76976-13A6-4C4A-AABC-42CA12C71CBF}"
EndProject
Project("{9A19103F-16F7-4668-BE54-9A1E7A4F7556}") = "Task2", "SimpleTasks\Task2\Task2.csproj", "{2E2B77C2-C5E1-4DD0-A94F-4F189719C980}"
EndProject
Project("{9A19103F-16F7-4668-BE54-9A1E7A4F7556}") = "Task3", "SimpleTasks\Task3\Task3.csproj", "{6C5C4F18-FB93-4149-9B86-3ABC7F83A5C2}"
EndProject
Project("{9A19103F-16F7-4668-BE54-9A1E7A4F7556}") = "Task4", "SimpleTasks\Task4\Task4.csproj", "{88A49F53-3FD1-458F-A516-33593FA4AE5A}"
EndProject
Project("{9A19103F-16F7-4668-BE54-9A1E7A4F7556}") = "Task5", "SimpleTasks\Task5\Task5.csproj", "{3685A52E-EB86-40D1-9EED-FF7C5A02CFCB}"
EndProject
Project("{9A19103F-16F7-4668-BE54-9A1E7A4F7556}") = "Matrix", "Matrix\Matrix.csproj", "{7232D865-5A37-4713-ADF0-D663805C10D8}"
EndProject
Project("{2150E333-8FDC-42A3-9474-1A3956D46DE8}") = "SimpleTasks", "SimpleTasks", "{273D90FD-5D7B-48C6-B6E8-C01B834E3DFD}"
EndProject
Global
	GlobalSection(SolutionConfigurationPlatforms) = preSolution
		Debug|Any CPU = Debug|Any CPU
		Release|Any CPU = Release|Any CPU
	EndGlobalSection
	GlobalSection(ProjectConfigurationPlatforms) = postSolution
		{19D76976-13A6-4C4A-AABC-42CA12C71CBF}.Debug|Any CPU.ActiveCfg = Debug|Any CPU
		{19D76976-13A6-4C4A-AABC-42CA12C71CBF}.Debug|Any CPU.Build.0 = Debug|Any CPU
		{19D76976-13A6-4C4A-AABC-42CA12C71CBF}.Release|Any CPU.ActiveCfg = Release|Any CPU
		{19D76976-13A6-4C4A-AABC-42CA12C71CBF}.Release|Any CPU.Build.0 = Release|Any CPU
		{2E2B77C2-C5E1-4DD0-A94F-4F189719C980}.Debug|Any CPU.ActiveCfg = Debug|Any CPU
		{2E2B77C2-C5E1-4DD0-A94F-4F189719C980}.Debug|Any CPU.Build.0 = Debug|Any CPU
		{2E2B77C2-C5E1-4DD0-A94F-4F189719C980}.Release|Any CPU.ActiveCfg = Release|Any CPU
		{2E2B77C2-C5E1-4DD0-A94F-4F189719C980}.Release|Any CPU.Build.0 = Release|Any CPU
		{6C5C4F18-FB93-4149-9B86-3ABC7F83A5C2}.Debug|Any CPU.ActiveCfg = Debug|Any CPU
		{6C5C4F18-FB93-4149-9B86-3ABC7F83A5C2}.Debug|Any CPU.Build.0 = Debug|Any CPU
		{6C5C4F18-FB93-4149-9B86-3ABC7F83A5C2}.Release|Any CPU.ActiveCfg = Release|Any CPU
		{6C5C4F18-FB93-4149-9B86-3ABC7F83A5C2}.Release|Any CPU.Build.0 = Release|Any CPU
		{88A49F53-3FD1-458F-A516-33593FA4AE5A}.Debug|Any CPU.ActiveCfg = Debug|Any CPU
		{88A49F53-3FD1-458F-A516-33593FA4AE5A}.Debug|Any CPU.Build.0 = Debug|Any CPU
		{88A49F53-3FD1-458F-A516-33593FA4AE5A}.Release|Any CPU.ActiveCfg = Release|Any CPU
		{88A49F53-3FD1-458F-A516-33593FA4AE5A}.Release|Any CPU.Build.0 = Release|Any CPU
		{3685A52E-EB86-40D1-9EED-FF7C5A02CFCB}.Debug|Any CPU.ActiveCfg = Debug|Any CPU
		{3685A52E-EB86-40D1-9EED-FF7C5A02CFCB}.Debug|Any CPU.Build.0 = Debug|Any CPU
		{3685A52E-EB86-40D1-9EED-FF7C5A02CFCB}.Release|Any CPU.ActiveCfg = Release|Any CPU
		{3685A52E-EB86-40D1-9EED-FF7C5A02CFCB}.Release|Any CPU.Build.0 = Release|Any CPU
		{7232D865-5A37-4713-ADF0-D663805C10D8}.Debug|Any CPU.ActiveCfg = Debug|Any CPU
		{7232D865-5A37-4713-ADF0-D663805C10D8}.Debug|Any CPU.Build.0 = Debug|Any CPU
		{7232D865-5A37-4713-ADF0-D663805C10D8}.Release|Any CPU.ActiveCfg = Release|Any CPU
		{7232D865-5A37-4713-ADF0-D663805C10D8}.Release|Any CPU.Build.0 = Release|Any CPU
	EndGlobalSection
	GlobalSection(SolutionProperties) = preSolution
		HideSolutionNode = FALSE
	EndGlobalSection
	GlobalSection(NestedProjects) = preSolution
		{19D76976-13A6-4C4A-AABC-42CA12C71CBF} = {273D90FD-5D7B-48C6-B6E8-C01B834E3DFD}
		{2E2B77C2-C5E1-4DD0-A94F-4F189719C980} = {273D90FD-5D7B-48C6-B6E8-C01B834E3DFD}
		{6C5C4F18-FB93-4149-9B86-3ABC7F83A5C2} = {273D90FD-5D7B-48C6-B6E8-C01B834E3DFD}
		{88A49F53-3FD1-458F-A516-33593FA4AE5A} = {273D90FD-5D7B-48C6-B6E8-C01B834E3DFD}
		{3685A52E-EB86-40D1-9EED-FF7C5A02CFCB} = {273D90FD-5D7B-48C6-B6E8-C01B834E3DFD}
	EndGlobalSection
	GlobalSection(ExtensibilityGlobals) = postSolution
		SolutionGuid = {CCEDBC79-4197-42FC-8AD8-805F7931BDCC}
	EndGlobalSection
EndGlobal
