
Microsoft Visual Studio Solution File, Format Version 12.00
# Visual Studio Version 17
VisualStudioVersion = 17.9.34616.47
MinimumVisualStudioVersion = 10.0.40219.1
Project("{FAE04EC0-301F-11D3-BF4B-00C04F79EFBC}") = "ProductInventory", "ProductInventory\ProductInventory.csproj", "{B95790AF-DBC0-4943-A69A-B4450880A780}"
EndProject
Global
	GlobalSection(SolutionConfigurationPlatforms) = preSolution
		Debug|Any CPU = Debug|Any CPU
		Release|Any CPU = Release|Any CPU
	EndGlobalSection
	GlobalSection(ProjectConfigurationPlatforms) = postSolution
		{B95790AF-DBC0-4943-A69A-B4450880A780}.Debug|Any CPU.ActiveCfg = Debug|Any CPU
		{B95790AF-DBC0-4943-A69A-B4450880A780}.Debug|Any CPU.Build.0 = Debug|Any CPU
		{B95790AF-DBC0-4943-A69A-B4450880A780}.Release|Any CPU.ActiveCfg = Release|Any CPU
		{B95790AF-DBC0-4943-A69A-B4450880A780}.Release|Any CPU.Build.0 = Release|Any CPU
	EndGlobalSection
	GlobalSection(SolutionProperties) = preSolution
		HideSolutionNode = FALSE
	EndGlobalSection
	GlobalSection(ExtensibilityGlobals) = postSolution
		SolutionGuid = {CE5CAF61-2C2D-49AD-B7B6-E12D26452E7B}
	EndGlobalSection
EndGlobal
